// !$*UTF8*$!
{
	archiveVersion = 1;
	classes = {
	};
	objectVersion = 50;
	objects = {

/* Begin PBXBuildFile section */
		1E33164A21F7B36D00DF836B /* RegisterViewController.swift in Sources */ = {isa = PBXBuildFile; fileRef = 1E33164921F7B36D00DF836B /* RegisterViewController.swift */; };
		1E9D663921F23F9C0081AADF /* AppDelegate.swift in Sources */ = {isa = PBXBuildFile; fileRef = 1E9D663821F23F9C0081AADF /* AppDelegate.swift */; };
		1E9D663B21F23F9C0081AADF /* ViewController.swift in Sources */ = {isa = PBXBuildFile; fileRef = 1E9D663A21F23F9C0081AADF /* ViewController.swift */; };
		1E9D663E21F23F9D0081AADF /* Main.storyboard in Resources */ = {isa = PBXBuildFile; fileRef = 1E9D663C21F23F9C0081AADF /* Main.storyboard */; };
		1E9D664021F23FA10081AADF /* Assets.xcassets in Resources */ = {isa = PBXBuildFile; fileRef = 1E9D663F21F23FA10081AADF /* Assets.xcassets */; };
		1E9D664321F23FA10081AADF /* LaunchScreen.storyboard in Resources */ = {isa = PBXBuildFile; fileRef = 1E9D664121F23FA10081AADF /* LaunchScreen.storyboard */; };
		1E9D664B21F240880081AADF /* HomeModel.swift in Sources */ = {isa = PBXBuildFile; fileRef = 1E9D664A21F240880081AADF /* HomeModel.swift */; };
		1E9D664D21F240B00081AADF /* FreezerModel.swift in Sources */ = {isa = PBXBuildFile; fileRef = 1E9D664C21F240B00081AADF /* FreezerModel.swift */; };
		1ED4275021F424AC00578DCB /* DetailViewController.swift in Sources */ = {isa = PBXBuildFile; fileRef = 1ED4274F21F424AC00578DCB /* DetailViewController.swift */; };
		1ED4278021F44C3400578DCB /* UserViewController.swift in Sources */ = {isa = PBXBuildFile; fileRef = 1ED4277F21F44C3400578DCB /* UserViewController.swift */; };
		5A80B6BE0D4D2A5ACE93AE85 /* Pods_icebox.framework in Frameworks */ = {isa = PBXBuildFile; fileRef = 7201EBA6C64A8E8977CCDCEC /* Pods_icebox.framework */; };
/* End PBXBuildFile section */

/* Begin PBXFileReference section */
		1E33164921F7B36D00DF836B /* RegisterViewController.swift */ = {isa = PBXFileReference; lastKnownFileType = sourcecode.swift; path = RegisterViewController.swift; sourceTree = "<group>"; };
		1E9D663521F23F9C0081AADF /* icebox.app */ = {isa = PBXFileReference; explicitFileType = wrapper.application; includeInIndex = 0; path = icebox.app; sourceTree = BUILT_PRODUCTS_DIR; };
		1E9D663821F23F9C0081AADF /* AppDelegate.swift */ = {isa = PBXFileReference; lastKnownFileType = sourcecode.swift; path = AppDelegate.swift; sourceTree = "<group>"; };
		1E9D663A21F23F9C0081AADF /* ViewController.swift */ = {isa = PBXFileReference; lastKnownFileType = sourcecode.swift; path = ViewController.swift; sourceTree = "<group>"; };
		1E9D663D21F23F9C0081AADF /* Base */ = {isa = PBXFileReference; lastKnownFileType = file.storyboard; name = Base; path = Base.lproj/Main.storyboard; sourceTree = "<group>"; };
		1E9D663F21F23FA10081AADF /* Assets.xcassets */ = {isa = PBXFileReference; lastKnownFileType = folder.assetcatalog; path = Assets.xcassets; sourceTree = "<group>"; };
		1E9D664221F23FA10081AADF /* Base */ = {isa = PBXFileReference; lastKnownFileType = file.storyboard; name = Base; path = Base.lproj/LaunchScreen.storyboard; sourceTree = "<group>"; };
		1E9D664421F23FA10081AADF /* Info.plist */ = {isa = PBXFileReference; lastKnownFileType = text.plist.xml; path = Info.plist; sourceTree = "<group>"; };
		1E9D664A21F240880081AADF /* HomeModel.swift */ = {isa = PBXFileReference; lastKnownFileType = sourcecode.swift; path = HomeModel.swift; sourceTree = "<group>"; };
		1E9D664C21F240B00081AADF /* FreezerModel.swift */ = {isa = PBXFileReference; lastKnownFileType = sourcecode.swift; path = FreezerModel.swift; sourceTree = "<group>"; };
		1ED4274F21F424AC00578DCB /* DetailViewController.swift */ = {isa = PBXFileReference; lastKnownFileType = sourcecode.swift; path = DetailViewController.swift; sourceTree = "<group>"; };
		1ED4277F21F44C3400578DCB /* UserViewController.swift */ = {isa = PBXFileReference; lastKnownFileType = sourcecode.swift; path = UserViewController.swift; sourceTree = "<group>"; };
		5A607C05591A87F67488286D /* Pods-icebox.debug.xcconfig */ = {isa = PBXFileReference; includeInIndex = 1; lastKnownFileType = text.xcconfig; name = "Pods-icebox.debug.xcconfig"; path = "Pods/Target Support Files/Pods-icebox/Pods-icebox.debug.xcconfig"; sourceTree = "<group>"; };
		7201EBA6C64A8E8977CCDCEC /* Pods_icebox.framework */ = {isa = PBXFileReference; explicitFileType = wrapper.framework; includeInIndex = 0; path = Pods_icebox.framework; sourceTree = BUILT_PRODUCTS_DIR; };
		A4AB42E6819BC658FCBE89B0 /* Pods-icebox.release.xcconfig */ = {isa = PBXFileReference; includeInIndex = 1; lastKnownFileType = text.xcconfig; name = "Pods-icebox.release.xcconfig"; path = "Pods/Target Support Files/Pods-icebox/Pods-icebox.release.xcconfig"; sourceTree = "<group>"; };
/* End PBXFileReference section */

/* Begin PBXFrameworksBuildPhase section */
		1E9D663221F23F9C0081AADF /* Frameworks */ = {
			isa = PBXFrameworksBuildPhase;
			buildActionMask = 2147483647;
			files = (
				5A80B6BE0D4D2A5ACE93AE85 /* Pods_icebox.framework in Frameworks */,
			);
			runOnlyForDeploymentPostprocessing = 0;
		};
/* End PBXFrameworksBuildPhase section */

/* Begin PBXGroup section */
		1E9D662C21F23F9C0081AADF = {
			isa = PBXGroup;
			children = (
				1E9D663721F23F9C0081AADF /* icebox */,
				1E9D663621F23F9C0081AADF /* Products */,
				691A67958C23AB8D55239094 /* Pods */,
				5A63317BFB032E4388F4CE46 /* Frameworks */,
			);
			sourceTree = "<group>";
		};
		1E9D663621F23F9C0081AADF /* Products */ = {
			isa = PBXGroup;
			children = (
				1E9D663521F23F9C0081AADF /* icebox.app */,
			);
			name = Products;
			sourceTree = "<group>";
		};
		1E9D663721F23F9C0081AADF /* icebox */ = {
			isa = PBXGroup;
			children = (
				1E9D663821F23F9C0081AADF /* AppDelegate.swift */,
				1E9D663A21F23F9C0081AADF /* ViewController.swift */,
				1ED4277F21F44C3400578DCB /* UserViewController.swift */,
				1E9D663C21F23F9C0081AADF /* Main.storyboard */,
				1E9D663F21F23FA10081AADF /* Assets.xcassets */,
				1E9D664121F23FA10081AADF /* LaunchScreen.storyboard */,
				1E9D664A21F240880081AADF /* HomeModel.swift */,
				1E9D664C21F240B00081AADF /* FreezerModel.swift */,
				1ED4274F21F424AC00578DCB /* DetailViewController.swift */,
				1E9D664421F23FA10081AADF /* Info.plist */,
				1E33164921F7B36D00DF836B /* RegisterViewController.swift */,
			);
			path = icebox;
			sourceTree = "<group>";
		};
		5A63317BFB032E4388F4CE46 /* Frameworks */ = {
			isa = PBXGroup;
			children = (
				7201EBA6C64A8E8977CCDCEC /* Pods_icebox.framework */,
			);
			name = Frameworks;
			sourceTree = "<group>";
		};
		691A67958C23AB8D55239094 /* Pods */ = {
			isa = PBXGroup;
			children = (
				5A607C05591A87F67488286D /* Pods-icebox.debug.xcconfig */,
				A4AB42E6819BC658FCBE89B0 /* Pods-icebox.release.xcconfig */,
			);
			name = Pods;
			sourceTree = "<group>";
		};
/* End PBXGroup section */

/* Begin PBXNativeTarget section */
		1E9D663421F23F9C0081AADF /* icebox */ = {
			isa = PBXNativeTarget;
			buildConfigurationList = 1E9D664721F23FA10081AADF /* Build configuration list for PBXNativeTarget "icebox" */;
			buildPhases = (
				909AB4A4EAAED84C66CF9B33 /* [CP] Check Pods Manifest.lock */,
				1E9D663121F23F9C0081AADF /* Sources */,
				1E9D663221F23F9C0081AADF /* Frameworks */,
				1E9D663321F23F9C0081AADF /* Resources */,
				958935D7715CEEE1EAFCEBF7 /* [CP] Embed Pods Frameworks */,
			);
			buildRules = (
			);
			dependencies = (
			);
			name = icebox;
			productName = icebox;
			productReference = 1E9D663521F23F9C0081AADF /* icebox.app */;
			productType = "com.apple.product-type.application";
		};
/* End PBXNativeTarget section */

/* Begin PBXProject section */
		1E9D662D21F23F9C0081AADF /* Project object */ = {
			isa = PBXProject;
			attributes = {
				LastSwiftUpdateCheck = 1010;
				LastUpgradeCheck = 1010;
				ORGANIZATIONNAME = com.tiradoJ;
				TargetAttributes = {
					1E9D663421F23F9C0081AADF = {
						CreatedOnToolsVersion = 10.1;
					};
				};
			};
			buildConfigurationList = 1E9D663021F23F9C0081AADF /* Build configuration list for PBXProject "icebox" */;
			compatibilityVersion = "Xcode 9.3";
			developmentRegion = en;
			hasScannedForEncodings = 0;
			knownRegions = (
				en,
				Base,
			);
			mainGroup = 1E9D662C21F23F9C0081AADF;
			productRefGroup = 1E9D663621F23F9C0081AADF /* Products */;
			projectDirPath = "";
			projectRoot = "";
			targets = (
				1E9D663421F23F9C0081AADF /* icebox */,
			);
		};
/* End PBXProject section */

/* Begin PBXResourcesBuildPhase section */
		1E9D663321F23F9C0081AADF /* Resources */ = {
			isa = PBXResourcesBuildPhase;
			buildActionMask = 2147483647;
			files = (
				1E9D664321F23FA10081AADF /* LaunchScreen.storyboard in Resources */,
				1E9D664021F23FA10081AADF /* Assets.xcassets in Resources */,
				1E9D663E21F23F9D0081AADF /* Main.storyboard in Resources */,
			);
			runOnlyForDeploymentPostprocessing = 0;
		};
/* End PBXResourcesBuildPhase section */

/* Begin PBXShellScriptBuildPhase section */
		909AB4A4EAAED84C66CF9B33 /* [CP] Check Pods Manifest.lock */ = {
			isa = PBXShellScriptBuildPhase;
			buildActionMask = 2147483647;
			files = (
			);
			inputFileListPaths = (
			);
			inputPaths = (
				"${PODS_PODFILE_DIR_PATH}/Podfile.lock",
				"${PODS_ROOT}/Manifest.lock",
			);
			name = "[CP] Check Pods Manifest.lock";
			outputFileListPaths = (
			);
			outputPaths = (
				"$(DERIVED_FILE_DIR)/Pods-icebox-checkManifestLockResult.txt",
			);
			runOnlyForDeploymentPostprocessing = 0;
			shellPath = /bin/sh;
			shellScript = "diff \"${PODS_PODFILE_DIR_PATH}/Podfile.lock\" \"${PODS_ROOT}/Manifest.lock\" > /dev/null\nif [ $? != 0 ] ; then\n    # print error to STDERR\n    echo \"error: The sandbox is not in sync with the Podfile.lock. Run 'pod install' or update your CocoaPods installation.\" >&2\n    exit 1\nfi\n# This output is used by Xcode 'outputs' to avoid re-running this script phase.\necho \"SUCCESS\" > \"${SCRIPT_OUTPUT_FILE_0}\"\n";
			showEnvVarsInLog = 0;
		};
		958935D7715CEEE1EAFCEBF7 /* [CP] Embed Pods Frameworks */ = {
			isa = PBXShellScriptBuildPhase;
			buildActionMask = 2147483647;
			files = (
			);
			inputFileListPaths = (
			);
			inputPaths = (
				"${SRCROOT}/Pods/Target Support Files/Pods-icebox/Pods-icebox-frameworks.sh",
				"${BUILT_PRODUCTS_DIR}/Alamofire/Alamofire.framework",
			);
			name = "[CP] Embed Pods Frameworks";
			outputFileListPaths = (
			);
			outputPaths = (
				"${TARGET_BUILD_DIR}/${FRAMEWORKS_FOLDER_PATH}/Alamofire.framework",
			);
			runOnlyForDeploymentPostprocessing = 0;
			shellPath = /bin/sh;
			shellScript = "\"${SRCROOT}/Pods/Target Support Files/Pods-icebox/Pods-icebox-frameworks.sh\"\n";
			showEnvVarsInLog = 0;
		};
/* End PBXShellScriptBuildPhase section */

/* Begin PBXSourcesBuildPhase section */
		1E9D663121F23F9C0081AADF /* Sources */ = {
			isa = PBXSourcesBuildPhase;
			buildActionMask = 2147483647;
			files = (
				1E9D664D21F240B00081AADF /* FreezerModel.swift in Sources */,
				1ED4278021F44C3400578DCB /* UserViewController.swift in Sources */,
				1E33164A21F7B36D00DF836B /* RegisterViewController.swift in Sources */,
				1E9D663B21F23F9C0081AADF /* ViewController.swift in Sources */,
				1ED4275021F424AC00578DCB /* DetailViewController.swift in Sources */,
				1E9D663921F23F9C0081AADF /* AppDelegate.swift in Sources */,
				1E9D664B21F240880081AADF /* HomeModel.swift in Sources */,
			);
			runOnlyForDeploymentPostprocessing = 0;
		};
/* End PBXSourcesBuildPhase section */

/* Begin PBXVariantGroup section */
		1E9D663C21F23F9C0081AADF /* Main.storyboard */ = {
			isa = PBXVariantGroup;
			children = (
				1E9D663D21F23F9C0081AADF /* Base */,
			);
			name = Main.storyboard;
			sourceTree = "<group>";
		};
		1E9D664121F23FA10081AADF /* LaunchScreen.storyboard */ = {
			isa = PBXVariantGroup;
			children = (
				1E9D664221F23FA10081AADF /* Base */,
			);
			name = LaunchScreen.storyboard;
			sourceTree = "<group>";
		};
/* End PBXVariantGroup section */

/* Begin XCBuildConfiguration section */
		1E9D664521F23FA10081AADF /* Debug */ = {
			isa = XCBuildConfiguration;
			buildSettings = {
				ALWAYS_SEARCH_USER_PATHS = NO;
				CLANG_ANALYZER_NONNULL = YES;
				CLANG_ANALYZER_NUMBER_OBJECT_CONVERSION = YES_AGGRESSIVE;
				CLANG_CXX_LANGUAGE_STANDARD = "gnu++14";
				CLANG_CXX_LIBRARY = "libc++";
				CLANG_ENABLE_MODULES = YES;
				CLANG_ENABLE_OBJC_ARC = YES;
				CLANG_ENABLE_OBJC_WEAK = YES;
				CLANG_WARN_BLOCK_CAPTURE_AUTORELEASING = YES;
				CLANG_WARN_BOOL_CONVERSION = YES;
				CLANG_WARN_COMMA = YES;
				CLANG_WARN_CONSTANT_CONVERSION = YES;
				CLANG_WARN_DEPRECATED_OBJC_IMPLEMENTATIONS = YES;
				CLANG_WARN_DIRECT_OBJC_ISA_USAGE = YES_ERROR;
				CLANG_WARN_DOCUMENTATION_COMMENTS = YES;
				CLANG_WARN_EMPTY_BODY = YES;
				CLANG_WARN_ENUM_CONVERSION = YES;
				CLANG_WARN_INFINITE_RECURSION = YES;
				CLANG_WARN_INT_CONVERSION = YES;
				CLANG_WARN_NON_LITERAL_NULL_CONVERSION = YES;
				CLANG_WARN_OBJC_IMPLICIT_RETAIN_SELF = YES;
				CLANG_WARN_OBJC_LITERAL_CONVERSION = YES;
				CLANG_WARN_OBJC_ROOT_CLASS = YES_ERROR;
				CLANG_WARN_RANGE_LOOP_ANALYSIS = YES;
				CLANG_WARN_STRICT_PROTOTYPES = YES;
				CLANG_WARN_SUSPICIOUS_MOVE = YES;
				CLANG_WARN_UNGUARDED_AVAILABILITY = YES_AGGRESSIVE;
				CLANG_WARN_UNREACHABLE_CODE = YES;
				CLANG_WARN__DUPLICATE_METHOD_MATCH = YES;
				CODE_SIGN_IDENTITY = "iPhone Developer";
				COPY_PHASE_STRIP = NO;
				DEBUG_INFORMATION_FORMAT = dwarf;
				ENABLE_STRICT_OBJC_MSGSEND = YES;
				ENABLE_TESTABILITY = YES;
				GCC_C_LANGUAGE_STANDARD = gnu11;
				GCC_DYNAMIC_NO_PIC = NO;
				GCC_NO_COMMON_BLOCKS = YES;
				GCC_OPTIMIZATION_LEVEL = 0;
				GCC_PREPROCESSOR_DEFINITIONS = (
					"DEBUG=1",
					"$(inherited)",
				);
				GCC_WARN_64_TO_32_BIT_CONVERSION = YES;
				GCC_WARN_ABOUT_RETURN_TYPE = YES_ERROR;
				GCC_WARN_UNDECLARED_SELECTOR = YES;
				GCC_WARN_UNINITIALIZED_AUTOS = YES_AGGRESSIVE;
				GCC_WARN_UNUSED_FUNCTION = YES;
				GCC_WARN_UNUSED_VARIABLE = YES;
				IPHONEOS_DEPLOYMENT_TARGET = 12.1;
				MTL_ENABLE_DEBUG_INFO = INCLUDE_SOURCE;
				MTL_FAST_MATH = YES;
				ONLY_ACTIVE_ARCH = YES;
				SDKROOT = iphoneos;
				SWIFT_ACTIVE_COMPILATION_CONDITIONS = DEBUG;
				SWIFT_OPTIMIZATION_LEVEL = "-Onone";
			};
			name = Debug;
		};
		1E9D664621F23FA10081AADF /* Release */ = {
			isa = XCBuildConfiguration;
			buildSettings = {
				ALWAYS_SEARCH_USER_PATHS = NO;
				CLANG_ANALYZER_NONNULL = YES;
				CLANG_ANALYZER_NUMBER_OBJECT_CONVERSION = YES_AGGRESSIVE;
				CLANG_CXX_LANGUAGE_STANDARD = "gnu++14";
				CLANG_CXX_LIBRARY = "libc++";
				CLANG_ENABLE_MODULES = YES;
				CLANG_ENABLE_OBJC_ARC = YES;
				CLANG_ENABLE_OBJC_WEAK = YES;
				CLANG_WARN_BLOCK_CAPTURE_AUTORELEASING = YES;
				CLANG_WARN_BOOL_CONVERSION = YES;
				CLANG_WARN_COMMA = YES;
				CLANG_WARN_CONSTANT_CONVERSION = YES;
				CLANG_WARN_DEPRECATED_OBJC_IMPLEMENTATIONS = YES;
				CLANG_WARN_DIRECT_OBJC_ISA_USAGE = YES_ERROR;
				CLANG_WARN_DOCUMENTATION_COMMENTS = YES;
				CLANG_WARN_EMPTY_BODY = YES;
				CLANG_WARN_ENUM_CONVERSION = YES;
				CLANG_WARN_INFINITE_RECURSION = YES;
				CLANG_WARN_INT_CONVERSION = YES;
				CLANG_WARN_NON_LITERAL_NULL_CONVERSION = YES;
				CLANG_WARN_OBJC_IMPLICIT_RETAIN_SELF = YES;
				CLANG_WARN_OBJC_LITERAL_CONVERSION = YES;
				CLANG_WARN_OBJC_ROOT_CLASS = YES_ERROR;
				CLANG_WARN_RANGE_LOOP_ANALYSIS = YES;
				CLANG_WARN_STRICT_PROTOTYPES = YES;
				CLANG_WARN_SUSPICIOUS_MOVE = YES;
				CLANG_WARN_UNGUARDED_AVAILABILITY = YES_AGGRESSIVE;
				CLANG_WARN_UNREACHABLE_CODE = YES;
				CLANG_WARN__DUPLICATE_METHOD_MATCH = YES;
				CODE_SIGN_IDENTITY = "iPhone Developer";
				COPY_PHASE_STRIP = NO;
				DEBUG_INFORMATION_FORMAT = "dwarf-with-dsym";
				ENABLE_NS_ASSERTIONS = NO;
				ENABLE_STRICT_OBJC_MSGSEND = YES;
				GCC_C_LANGUAGE_STANDARD = gnu11;
				GCC_NO_COMMON_BLOCKS = YES;
				GCC_WARN_64_TO_32_BIT_CONVERSION = YES;
				GCC_WARN_ABOUT_RETURN_TYPE = YES_ERROR;
				GCC_WARN_UNDECLARED_SELECTOR = YES;
				GCC_WARN_UNINITIALIZED_AUTOS = YES_AGGRESSIVE;
				GCC_WARN_UNUSED_FUNCTION = YES;
				GCC_WARN_UNUSED_VARIABLE = YES;
				IPHONEOS_DEPLOYMENT_TARGET = 12.1;
				MTL_ENABLE_DEBUG_INFO = NO;
				MTL_FAST_MATH = YES;
				SDKROOT = iphoneos;
				SWIFT_COMPILATION_MODE = wholemodule;
				SWIFT_OPTIMIZATION_LEVEL = "-O";
				VALIDATE_PRODUCT = YES;
			};
			name = Release;
		};
		1E9D664821F23FA10081AADF /* Debug */ = {
			isa = XCBuildConfiguration;
			baseConfigurationReference = 5A607C05591A87F67488286D /* Pods-icebox.debug.xcconfig */;
			buildSettings = {
				ASSETCATALOG_COMPILER_APPICON_NAME = AppIcon;
				CODE_SIGN_STYLE = Automatic;
				DEVELOPMENT_TEAM = WS4F5RM69W;
				INFOPLIST_FILE = icebox/Info.plist;
				LD_RUNPATH_SEARCH_PATHS = (
					"$(inherited)",
					"@executable_path/Frameworks",
				);
				PRODUCT_BUNDLE_IDENTIFIER = tirados.icebox;
				PRODUCT_NAME = "$(TARGET_NAME)";
				SWIFT_VERSION = 4.2;
				TARGETED_DEVICE_FAMILY = "1,2";
			};
			name = Debug;
		};
		1E9D664921F23FA10081AADF /* Release */ = {
			isa = XCBuildConfiguration;
			baseConfigurationReference = A4AB42E6819BC658FCBE89B0 /* Pods-icebox.release.xcconfig */;
			buildSettings = {
				ASSETCATALOG_COMPILER_APPICON_NAME = AppIcon;
				CODE_SIGN_STYLE = Automatic;
				DEVELOPMENT_TEAM = WS4F5RM69W;
				INFOPLIST_FILE = icebox/Info.plist;
				LD_RUNPATH_SEARCH_PATHS = (
					"$(inherited)",
					"@executable_path/Frameworks",
				);
				PRODUCT_BUNDLE_IDENTIFIER = tirados.icebox;
				PRODUCT_NAME = "$(TARGET_NAME)";
				SWIFT_VERSION = 4.2;
				TARGETED_DEVICE_FAMILY = "1,2";
			};
			name = Release;
		};
/* End XCBuildConfiguration section */

/* Begin XCConfigurationList section */
		1E9D663021F23F9C0081AADF /* Build configuration list for PBXProject "icebox" */ = {
			isa = XCConfigurationList;
			buildConfigurations = (
				1E9D664521F23FA10081AADF /* Debug */,
				1E9D664621F23FA10081AADF /* Release */,
			);
			defaultConfigurationIsVisible = 0;
			defaultConfigurationName = Release;
		};
		1E9D664721F23FA10081AADF /* Build configuration list for PBXNativeTarget "icebox" */ = {
			isa = XCConfigurationList;
			buildConfigurations = (
				1E9D664821F23FA10081AADF /* Debug */,
				1E9D664921F23FA10081AADF /* Release */,
			);
			defaultConfigurationIsVisible = 0;
			defaultConfigurationName = Release;
		};
/* End XCConfigurationList section */
	};
	rootObject = 1E9D662D21F23F9C0081AADF /* Project object */;
}
